
Microsoft Visual Studio Solution File, Format Version 12.00
# Visual Studio Version 16
VisualStudioVersion = 16.0.30804.86
MinimumVisualStudioVersion = 10.0.40219.1
Project("{FAE04EC0-301F-11D3-BF4B-00C04F79EFBC}") = "MVVMLibraryFW", "MVVMLibraryFW\MVVMLibraryFW.csproj", "{145D367E-BC05-4A67-8B1F-60BF12663850}"
EndProject
Global
	GlobalSection(SolutionConfigurationPlatforms) = preSolution
		Debug|Any CPU = Debug|Any CPU
		Release|Any CPU = Release|Any CPU
	EndGlobalSection
	GlobalSection(ProjectConfigurationPlatforms) = postSolution
		{145D367E-BC05-4A67-8B1F-60BF12663850}.Debug|Any CPU.ActiveCfg = Debug|Any CPU
		{145D367E-BC05-4A67-8B1F-60BF12663850}.Debug|Any CPU.Build.0 = Debug|Any CPU
		{145D367E-BC05-4A67-8B1F-60BF12663850}.Release|Any CPU.ActiveCfg = Release|Any CPU
		{145D367E-BC05-4A67-8B1F-60BF12663850}.Release|Any CPU.Build.0 = Release|Any CPU
	EndGlobalSection
	GlobalSection(SolutionProperties) = preSolution
		HideSolutionNode = FALSE
	EndGlobalSection
	GlobalSection(ExtensibilityGlobals) = postSolution
		SolutionGuid = {E46E4A18-DB5C-45B9-BEEF-9097C90D2634}
	EndGlobalSection
EndGlobal
